
Microsoft Visual Studio Solution File, Format Version 12.00
# Visual Studio Version 16
VisualStudioVersion = 16.0.30804.86
MinimumVisualStudioVersion = 10.0.40219.1
Project("{9A19103F-16F7-4668-BE54-9A1E7A4F7556}") = "OrderManagement.Web", "OrderManagement.Web.csproj", "{24654098-5D28-4B22-9EE0-D07B2A107540}"
EndProject
Project("{2150E333-8FDC-42A3-9474-1A3956D46DE8}") = "Domain", "Domain", "{0D6F01E4-2055-482B-B8BD-F33C2DC810B7}"
EndProject
Project("{2150E333-8FDC-42A3-9474-1A3956D46DE8}") = "Infrastructure", "Infrastructure", "{5E57D4DB-3818-4D31-B422-E45475C4381A}"
EndProject
Project("{2150E333-8FDC-42A3-9474-1A3956D46DE8}") = "UI", "UI", "{17CB0372-34EC-418B-B7E3-E3218ECCF210}"
EndProject
Project("{2150E333-8FDC-42A3-9474-1A3956D46DE8}") = "Tests", "Tests", "{9FA569E7-7892-436C-ABA2-893ECE587348}"
EndProject
Project("{FAE04EC0-301F-11D3-BF4B-00C04F79EFBC}") = "OrderManagement.Domain", "..\OrderManagement.Domain\OrderManagement.Domain.csproj", "{862219B0-DFEE-4A9B-8621-0AE1D0DCDF4E}"
EndProject
Project("{FAE04EC0-301F-11D3-BF4B-00C04F79EFBC}") = "OrderManagement.Infrastructure", "..\OrderManagement.Infrastructure\OrderManagement.Infrastructure.csproj", "{9108F71B-FF97-4AFD-BB07-AE37CB20F602}"
EndProject
Project("{FAE04EC0-301F-11D3-BF4B-00C04F79EFBC}") = "OrderManagement.Domain.UnitTests", "..\OrderManagement.Domain.UnitTests\OrderManagement.Domain.UnitTests.csproj", "{42B2927C-1817-4887-8E29-A2D441340EE4}"
EndProject
Global
	GlobalSection(SolutionConfigurationPlatforms) = preSolution
		Debug|Any CPU = Debug|Any CPU
		Release|Any CPU = Release|Any CPU
	EndGlobalSection
	GlobalSection(ProjectConfigurationPlatforms) = postSolution
		{24654098-5D28-4B22-9EE0-D07B2A107540}.Debug|Any CPU.ActiveCfg = Debug|Any CPU
		{24654098-5D28-4B22-9EE0-D07B2A107540}.Debug|Any CPU.Build.0 = Debug|Any CPU
		{24654098-5D28-4B22-9EE0-D07B2A107540}.Release|Any CPU.ActiveCfg = Release|Any CPU
		{24654098-5D28-4B22-9EE0-D07B2A107540}.Release|Any CPU.Build.0 = Release|Any CPU
		{862219B0-DFEE-4A9B-8621-0AE1D0DCDF4E}.Debug|Any CPU.ActiveCfg = Debug|Any CPU
		{862219B0-DFEE-4A9B-8621-0AE1D0DCDF4E}.Debug|Any CPU.Build.0 = Debug|Any CPU
		{862219B0-DFEE-4A9B-8621-0AE1D0DCDF4E}.Release|Any CPU.ActiveCfg = Release|Any CPU
		{862219B0-DFEE-4A9B-8621-0AE1D0DCDF4E}.Release|Any CPU.Build.0 = Release|Any CPU
		{9108F71B-FF97-4AFD-BB07-AE37CB20F602}.Debug|Any CPU.ActiveCfg = Debug|Any CPU
		{9108F71B-FF97-4AFD-BB07-AE37CB20F602}.Debug|Any CPU.Build.0 = Debug|Any CPU
		{9108F71B-FF97-4AFD-BB07-AE37CB20F602}.Release|Any CPU.ActiveCfg = Release|Any CPU
		{9108F71B-FF97-4AFD-BB07-AE37CB20F602}.Release|Any CPU.Build.0 = Release|Any CPU
		{42B2927C-1817-4887-8E29-A2D441340EE4}.Debug|Any CPU.ActiveCfg = Debug|Any CPU
		{42B2927C-1817-4887-8E29-A2D441340EE4}.Debug|Any CPU.Build.0 = Debug|Any CPU
		{42B2927C-1817-4887-8E29-A2D441340EE4}.Release|Any CPU.ActiveCfg = Release|Any CPU
		{42B2927C-1817-4887-8E29-A2D441340EE4}.Release|Any CPU.Build.0 = Release|Any CPU
	EndGlobalSection
	GlobalSection(SolutionProperties) = preSolution
		HideSolutionNode = FALSE
	EndGlobalSection
	GlobalSection(NestedProjects) = preSolution
		{24654098-5D28-4B22-9EE0-D07B2A107540} = {17CB0372-34EC-418B-B7E3-E3218ECCF210}
		{862219B0-DFEE-4A9B-8621-0AE1D0DCDF4E} = {0D6F01E4-2055-482B-B8BD-F33C2DC810B7}
		{9108F71B-FF97-4AFD-BB07-AE37CB20F602} = {5E57D4DB-3818-4D31-B422-E45475C4381A}
		{42B2927C-1817-4887-8E29-A2D441340EE4} = {9FA569E7-7892-436C-ABA2-893ECE587348}
	EndGlobalSection
	GlobalSection(ExtensibilityGlobals) = postSolution
		SolutionGuid = {B3AAA7FF-C255-4131-9BD8-29848CD2AB4C}
	EndGlobalSection
EndGlobal
